
Microsoft Visual Studio Solution File, Format Version 11.00
# Visual Studio 2010
Project("{FAE04EC0-301F-11D3-BF4B-00C04F79EFBC}") = "Crow", "Crow.csproj", "{C2980F9B-4798-4C05-99E2-E174810F7C7B}"
EndProject
Project("{FAE04EC0-301F-11D3-BF4B-00C04F79EFBC}") = "Tests", "Tests\Tests.csproj", "{74289092-9F70-4941-AFCB-DFD7BE2140B6}"
EndProject
Project("{FAE04EC0-301F-11D3-BF4B-00C04F79EFBC}") = "MonoDevelop.GOLib", "MonoDevelop.GOLib\MonoDevelop.GOLib.csproj", "{E9E14DB5-3C67-4E01-B5C3-4D90D7E31A2E}"
EndProject
Project("{FAE04EC0-301F-11D3-BF4B-00C04F79EFBC}") = "MonoDevelop.Diagram", "..\MonoDevelop.Diagram\MonoDevelop.Diagram.csproj", "{232716B4-D19D-4FD7-B310-94A98FD926F0}"
EndProject
Project("{FAE04EC0-301F-11D3-BF4B-00C04F79EFBC}") = "UnitTest", "UnitTest\UnitTest.csproj", "{7BAE4448-E8F4-48B3-BB11-FA78E7F4506B}"
EndProject
Global
	GlobalSection(SolutionConfigurationPlatforms) = preSolution
		Debug|Linux_x86 = Debug|Linux_x86
		Release|Linux_x86 = Release|Linux_x86
	EndGlobalSection
	GlobalSection(ProjectConfigurationPlatforms) = postSolution
		{232716B4-D19D-4FD7-B310-94A98FD926F0}.Debug|Linux_x86.ActiveCfg = Debug|Any CPU
		{232716B4-D19D-4FD7-B310-94A98FD926F0}.Release|Linux_x86.ActiveCfg = Debug|Any CPU
		{74289092-9F70-4941-AFCB-DFD7BE2140B6}.Debug|Linux_x86.ActiveCfg = Debug|Any CPU
		{74289092-9F70-4941-AFCB-DFD7BE2140B6}.Debug|Linux_x86.Build.0 = Debug|Any CPU
		{74289092-9F70-4941-AFCB-DFD7BE2140B6}.Release|Linux_x86.ActiveCfg = Release|Any CPU
		{74289092-9F70-4941-AFCB-DFD7BE2140B6}.Release|Linux_x86.Build.0 = Release|Any CPU
		{7BAE4448-E8F4-48B3-BB11-FA78E7F4506B}.Debug|Linux_x86.ActiveCfg = Debug|Any CPU
		{7BAE4448-E8F4-48B3-BB11-FA78E7F4506B}.Debug|Linux_x86.Build.0 = Debug|Any CPU
		{7BAE4448-E8F4-48B3-BB11-FA78E7F4506B}.Release|Linux_x86.ActiveCfg = Release|Any CPU
		{C2980F9B-4798-4C05-99E2-E174810F7C7B}.Debug|Linux_x86.ActiveCfg = Debug|Any CPU
		{C2980F9B-4798-4C05-99E2-E174810F7C7B}.Debug|Linux_x86.Build.0 = Debug|Any CPU
		{C2980F9B-4798-4C05-99E2-E174810F7C7B}.Release|Linux_x86.ActiveCfg = Release|Any CPU
		{C2980F9B-4798-4C05-99E2-E174810F7C7B}.Release|Linux_x86.Build.0 = Release|Any CPU
		{E9E14DB5-3C67-4E01-B5C3-4D90D7E31A2E}.Debug|Linux_x86.ActiveCfg = Debug|Any CPU
		{E9E14DB5-3C67-4E01-B5C3-4D90D7E31A2E}.Release|Linux_x86.ActiveCfg = Release|Any CPU
	EndGlobalSection
	GlobalSection(MonoDevelopProperties) = preSolution
		Policies = $0
		$0.StandardHeader = $1
		$1.Text = @ \n ${FileName}\n \n Author:\n      ${AuthorName} <${AuthorEmail}>\n\n Copyright (c) ${Year} ${CopyrightHolder}\n\n This program is free software: you can redistribute it and/or modify\n it under the terms of the GNU General Public License as published by\n the Free Software Foundation, either version 3 of the License, or\n (at your option) any later version.\n\n This program is distributed in the hope that it will be useful,\n but WITHOUT ANY WARRANTY; without even the implied warranty of\n MERCHANTABILITY or FITNESS FOR A PARTICULAR PURPOSE.  See the\n GNU General Public License for more details.\n\n You should have received a copy of the GNU General Public License\n along with this program.  If not, see <http://www.gnu.org/licenses/>.
		$1.IncludeInNewFiles = True
		$0.DotNetNamingPolicy = $2
		$2.DirectoryNamespaceAssociation = None
		$2.ResourceNamePolicy = FileFormatDefault
		$0.TextStylePolicy = $3
		$3.FileWidth = 120
		$3.TabsToSpaces = False
		$3.EolMarker = Unix
		$3.inheritsSet = VisualStudio
		$3.inheritsScope = text/plain
		$3.scope = text/x-csharp
		$0.CSharpFormattingPolicy = $4
		$4.AfterDelegateDeclarationParameterComma = True
		$4.inheritsSet = Mono
		$4.inheritsScope = text/x-csharp
		$4.scope = text/x-csharp
		description = @C.R.O.W. Collaborative Radiant Open Widgets\n\nA pure c# toolkit with XML definition of interface with binding and\ndynamic delegates
		version = 0.4
	EndGlobalSection
EndGlobal
