Microsoft Visual Studio Solution File, Format Version 12.00
# Visual Studio Version 16
VisualStudioVersion = 16.0.30104.148
MinimumVisualStudioVersion = 10.0.40219.1
Project("{2150E333-8FDC-42A3-9474-1A3956D46DE8}") = "global", "global", "{7285454A-930F-4536-AB84-C076B44C0C80}"
	ProjectSection(SolutionItems) = preProject
		Directory.Build.props = Directory.Build.props
		README.md = README.md
	EndProjectSection
EndProject
Project("{9A19103F-16F7-4668-BE54-9A1E7A4F7556}") = "Crow", "Crow\Crow.csproj", "{C2980F9B-4798-4C05-99E2-E174810F7C7B}"
EndProject
Project("{9A19103F-16F7-4668-BE54-9A1E7A4F7556}") = "CrowDbgShared", "CrowDbgShared\CrowDbgShared.csproj", "{91F1CE07-EECE-4F1D-A3EE-7239B563654A}"
EndProject
Project("{2150E333-8FDC-42A3-9474-1A3956D46DE8}") = "Samples", "Samples", "{B2C7855A-2878-47FD-AD32-9A83DB4AB8C6}"
	ProjectSection(SolutionItems) = preProject
		Samples\Directory.Build.props = Samples\Directory.Build.props
	EndProjectSection
EndProject
Project("{9A19103F-16F7-4668-BE54-9A1E7A4F7556}") = "HelloWorld", "Samples\HelloWorld\HelloWorld.csproj", "{F535A8AB-CD93-49AB-B1B0-FFF9AE51ED6A}"
EndProject
Project("{9A19103F-16F7-4668-BE54-9A1E7A4F7556}") = "ShowCase", "Samples\ShowCase\ShowCase.csproj", "{56329D48-D382-4850-93DE-59C453894E8A}"
EndProject
Project("{9A19103F-16F7-4668-BE54-9A1E7A4F7556}") = "unitTests", "unitTests\unitTests.csproj", "{0CC6DFAB-2E4A-4786-976C-89053D5EA6A2}"
EndProject
Project("{9A19103F-16F7-4668-BE54-9A1E7A4F7556}") = "BasicTests", "Samples\BasicTests\BasicTests.csproj", "{7AEB6DD5-916E-4415-84E1-78EC6E5881CE}"
EndProject
Project("{9A19103F-16F7-4668-BE54-9A1E7A4F7556}") = "PerfTests", "Samples\PerfTests\PerfTests.csproj", "{18EBB41F-815E-4BF5-B80F-C9E2FAB2993A}"
EndProject
Project("{9A19103F-16F7-4668-BE54-9A1E7A4F7556}") = "DebugLogAnalyzer", "Samples\DebugLogAnalyzer\DebugLogAnalyzer.csproj", "{7915538F-B2B1-414C-95A3-1FC58E3286B9}"
EndProject
Project("{9A19103F-16F7-4668-BE54-9A1E7A4F7556}") = "dragNdrop", "Samples\dragNdrop\dragNdrop.csproj", "{6E361E34-D266-4BEB-97F4-E209E01C6246}"
EndProject
Project("{9A19103F-16F7-4668-BE54-9A1E7A4F7556}") = "dockableWindows", "Samples\dockableWindows\dockableWindows.csproj", "{E19FD3DB-902A-4C99-8BF0-5ACAFFE35608}"
EndProject
Project("{9A19103F-16F7-4668-BE54-9A1E7A4F7556}") = "BindingTest", "Samples\BindingTest\BindingTest.csproj", "{242094B3-A1F1-44F8-B78D-D819B595DDBA}"
EndProject
Project("{FAE04EC0-301F-11D3-BF4B-00C04F79EFBC}") = "PathPainter", "Samples\PathPainter\PathPainter.csproj", "{4066FE1E-3508-4361-ABAA-21601F632ED8}"
EndProject
Project("{FAE04EC0-301F-11D3-BF4B-00C04F79EFBC}") = "CrowDebugger", "Samples\CrowDebugger\CrowDebugger.csproj", "{F86711E7-CACE-4050-82BF-0229CCEFDBA3}"
EndProject
Global
	GlobalSection(SolutionConfigurationPlatforms) = preSolution
		Debug|Any CPU = Debug|Any CPU
		Release|Any CPU = Release|Any CPU
	EndGlobalSection
	GlobalSection(ProjectConfigurationPlatforms) = postSolution
		{C2980F9B-4798-4C05-99E2-E174810F7C7B}.Debug|Any CPU.ActiveCfg = Debug|Any CPU
		{C2980F9B-4798-4C05-99E2-E174810F7C7B}.Debug|Any CPU.Build.0 = Debug|Any CPU
		{C2980F9B-4798-4C05-99E2-E174810F7C7B}.Release|Any CPU.ActiveCfg = Release|Any CPU
		{C2980F9B-4798-4C05-99E2-E174810F7C7B}.Release|Any CPU.Build.0 = Release|Any CPU
		{F535A8AB-CD93-49AB-B1B0-FFF9AE51ED6A}.Debug|Any CPU.ActiveCfg = Debug|Any CPU
		{F535A8AB-CD93-49AB-B1B0-FFF9AE51ED6A}.Debug|Any CPU.Build.0 = Debug|Any CPU
		{F535A8AB-CD93-49AB-B1B0-FFF9AE51ED6A}.Release|Any CPU.ActiveCfg = Release|Any CPU
		{F535A8AB-CD93-49AB-B1B0-FFF9AE51ED6A}.Release|Any CPU.Build.0 = Release|Any CPU
		{56329D48-D382-4850-93DE-59C453894E8A}.Debug|Any CPU.ActiveCfg = Debug|Any CPU
		{56329D48-D382-4850-93DE-59C453894E8A}.Debug|Any CPU.Build.0 = Debug|Any CPU
		{56329D48-D382-4850-93DE-59C453894E8A}.Release|Any CPU.ActiveCfg = Release|Any CPU
		{56329D48-D382-4850-93DE-59C453894E8A}.Release|Any CPU.Build.0 = Release|Any CPU
		{91F1CE07-EECE-4F1D-A3EE-7239B563654A}.Debug|Any CPU.ActiveCfg = Debug|Any CPU
		{91F1CE07-EECE-4F1D-A3EE-7239B563654A}.Release|Any CPU.ActiveCfg = Release|Any CPU
		{0CC6DFAB-2E4A-4786-976C-89053D5EA6A2}.Debug|Any CPU.ActiveCfg = Debug|Any CPU
		{0CC6DFAB-2E4A-4786-976C-89053D5EA6A2}.Debug|Any CPU.Build.0 = Debug|Any CPU
		{0CC6DFAB-2E4A-4786-976C-89053D5EA6A2}.Release|Any CPU.ActiveCfg = Release|Any CPU
		{0CC6DFAB-2E4A-4786-976C-89053D5EA6A2}.Release|Any CPU.Build.0 = Release|Any CPU
		{7AEB6DD5-916E-4415-84E1-78EC6E5881CE}.Debug|Any CPU.ActiveCfg = Debug|Any CPU
		{7AEB6DD5-916E-4415-84E1-78EC6E5881CE}.Debug|Any CPU.Build.0 = Debug|Any CPU
		{7AEB6DD5-916E-4415-84E1-78EC6E5881CE}.Release|Any CPU.ActiveCfg = Release|Any CPU
		{7AEB6DD5-916E-4415-84E1-78EC6E5881CE}.Release|Any CPU.Build.0 = Release|Any CPU
		{18EBB41F-815E-4BF5-B80F-C9E2FAB2993A}.Debug|Any CPU.ActiveCfg = Debug|Any CPU
		{18EBB41F-815E-4BF5-B80F-C9E2FAB2993A}.Debug|Any CPU.Build.0 = Debug|Any CPU
		{18EBB41F-815E-4BF5-B80F-C9E2FAB2993A}.Release|Any CPU.ActiveCfg = Release|Any CPU
		{18EBB41F-815E-4BF5-B80F-C9E2FAB2993A}.Release|Any CPU.Build.0 = Release|Any CPU
		{7915538F-B2B1-414C-95A3-1FC58E3286B9}.Debug|Any CPU.ActiveCfg = Debug|Any CPU
		{7915538F-B2B1-414C-95A3-1FC58E3286B9}.Debug|Any CPU.Build.0 = Debug|Any CPU
		{7915538F-B2B1-414C-95A3-1FC58E3286B9}.Release|Any CPU.ActiveCfg = Release|Any CPU
		{7915538F-B2B1-414C-95A3-1FC58E3286B9}.Release|Any CPU.Build.0 = Release|Any CPU
		{6E361E34-D266-4BEB-97F4-E209E01C6246}.Debug|Any CPU.ActiveCfg = Debug|Any CPU
		{6E361E34-D266-4BEB-97F4-E209E01C6246}.Debug|Any CPU.Build.0 = Debug|Any CPU
		{6E361E34-D266-4BEB-97F4-E209E01C6246}.Release|Any CPU.ActiveCfg = Release|Any CPU
		{6E361E34-D266-4BEB-97F4-E209E01C6246}.Release|Any CPU.Build.0 = Release|Any CPU
		{E19FD3DB-902A-4C99-8BF0-5ACAFFE35608}.Debug|Any CPU.ActiveCfg = Debug|Any CPU
		{E19FD3DB-902A-4C99-8BF0-5ACAFFE35608}.Debug|Any CPU.Build.0 = Debug|Any CPU
		{E19FD3DB-902A-4C99-8BF0-5ACAFFE35608}.Release|Any CPU.ActiveCfg = Release|Any CPU
		{E19FD3DB-902A-4C99-8BF0-5ACAFFE35608}.Release|Any CPU.Build.0 = Release|Any CPU
		{242094B3-A1F1-44F8-B78D-D819B595DDBA}.Debug|Any CPU.ActiveCfg = Debug|Any CPU
		{242094B3-A1F1-44F8-B78D-D819B595DDBA}.Debug|Any CPU.Build.0 = Debug|Any CPU
		{242094B3-A1F1-44F8-B78D-D819B595DDBA}.Release|Any CPU.ActiveCfg = Release|Any CPU
		{242094B3-A1F1-44F8-B78D-D819B595DDBA}.Release|Any CPU.Build.0 = Release|Any CPU
		{4066FE1E-3508-4361-ABAA-21601F632ED8}.Debug|Any CPU.ActiveCfg = Debug|Any CPU
		{4066FE1E-3508-4361-ABAA-21601F632ED8}.Debug|Any CPU.Build.0 = Debug|Any CPU
		{4066FE1E-3508-4361-ABAA-21601F632ED8}.Release|Any CPU.ActiveCfg = Release|Any CPU
		{4066FE1E-3508-4361-ABAA-21601F632ED8}.Release|Any CPU.Build.0 = Release|Any CPU
		{F86711E7-CACE-4050-82BF-0229CCEFDBA3}.Debug|Any CPU.ActiveCfg = Debug|Any CPU
		{F86711E7-CACE-4050-82BF-0229CCEFDBA3}.Debug|Any CPU.Build.0 = Debug|Any CPU
		{F86711E7-CACE-4050-82BF-0229CCEFDBA3}.Release|Any CPU.ActiveCfg = Release|Any CPU
		{F86711E7-CACE-4050-82BF-0229CCEFDBA3}.Release|Any CPU.Build.0 = Release|Any CPU
	EndGlobalSection
	GlobalSection(SolutionProperties) = preSolution
		HideSolutionNode = FALSE
	EndGlobalSection
	GlobalSection(NestedProjects) = preSolution
		{F535A8AB-CD93-49AB-B1B0-FFF9AE51ED6A} = {B2C7855A-2878-47FD-AD32-9A83DB4AB8C6}
		{56329D48-D382-4850-93DE-59C453894E8A} = {B2C7855A-2878-47FD-AD32-9A83DB4AB8C6}
		{7AEB6DD5-916E-4415-84E1-78EC6E5881CE} = {B2C7855A-2878-47FD-AD32-9A83DB4AB8C6}
		{18EBB41F-815E-4BF5-B80F-C9E2FAB2993A} = {B2C7855A-2878-47FD-AD32-9A83DB4AB8C6}
		{7915538F-B2B1-414C-95A3-1FC58E3286B9} = {B2C7855A-2878-47FD-AD32-9A83DB4AB8C6}
		{6E361E34-D266-4BEB-97F4-E209E01C6246} = {B2C7855A-2878-47FD-AD32-9A83DB4AB8C6}
		{E19FD3DB-902A-4C99-8BF0-5ACAFFE35608} = {B2C7855A-2878-47FD-AD32-9A83DB4AB8C6}
		{242094B3-A1F1-44F8-B78D-D819B595DDBA} = {B2C7855A-2878-47FD-AD32-9A83DB4AB8C6}
		{4066FE1E-3508-4361-ABAA-21601F632ED8} = {B2C7855A-2878-47FD-AD32-9A83DB4AB8C6}
		{F86711E7-CACE-4050-82BF-0229CCEFDBA3} = {B2C7855A-2878-47FD-AD32-9A83DB4AB8C6}
	EndGlobalSection
	GlobalSection(ExtensibilityGlobals) = postSolution
		SolutionGuid = {00D4E149-7131-49F4-BAAD-559AA961A78E}
	EndGlobalSection
	GlobalSection(MonoDevelopProperties) = preSolution
		Policies = $0
		$0.StandardHeader = $1
		$1.Text = @Copyright (c) 2013-${Year}  ${AuthorName} <${AuthorEmail}>\n\nThis code is licensed under the MIT license (MIT) (http://opensource.org/licenses/MIT)
		$0.DotNetNamingPolicy = $2
		$0.TextStylePolicy = $3
		$3.EolMarker = Unix
		$3.scope = text/x-csharp
		$0.CSharpFormattingPolicy = $4
		$4.AfterDelegateDeclarationParameterComma = True
		$4.scope = text/x-csharp
		$4.IndentSwitchSection = False
		$4.NewLinesForBracesInProperties = False
		$4.NewLinesForBracesInAccessors = False
		$4.NewLinesForBracesInAnonymousMethods = False
		$4.NewLinesForBracesInControlBlocks = False
		$4.NewLinesForBracesInAnonymousTypes = False
		$4.NewLinesForBracesInObjectCollectionArrayInitializers = False
		$4.NewLinesForBracesInLambdaExpressionBody = False
		$4.NewLineForElse = False
		$4.NewLineForCatch = False
		$4.NewLineForFinally = False
		$4.NewLineForMembersInObjectInit = False
		$4.NewLineForMembersInAnonymousTypes = False
		$4.NewLineForClausesInQuery = False
		$4.SpacingAfterMethodDeclarationName = True
		$4.SpaceAfterMethodCallName = True
		$4.SpaceBeforeOpenSquareBracket = True
		$0.VersionControlPolicy = $5
		$5.CommitMessageStyle = $6
		$6.Indent = @\t
		$6.FileSeparator = ", "
		$6.LastFilePostfix = "@:\n  "
		$6.LineAlign = 0
		$6.Wrap = False
		description = @C.R.O.W. c# Rapid Open Widgets\n\nCrow is a pure c# widget toolkit with XML definition of interface, bindings, styling...\n
	EndGlobalSection
EndGlobal
