
Microsoft Visual Studio Solution File, Format Version 12.00
# Visual Studio 2012
Project("{FAE04EC0-301F-11D3-BF4B-00C04F79EFBC}") = "CrowIDE", "CrowIDE.csproj", "{B6D911CD-1D09-42FC-B300-9187190F2AE1}"
EndProject
Global
	GlobalSection(SolutionConfigurationPlatforms) = preSolution
		Debug|Any CPU = Debug|Any CPU
		Release|Any CPU = Release|Any CPU
	EndGlobalSection
	GlobalSection(ProjectConfigurationPlatforms) = postSolution
		{B6D911CD-1D09-42FC-B300-9187190F2AE1}.Debug|Any CPU.ActiveCfg = Debug|Any CPU
		{B6D911CD-1D09-42FC-B300-9187190F2AE1}.Debug|Any CPU.Build.0 = Debug|Any CPU
		{B6D911CD-1D09-42FC-B300-9187190F2AE1}.Release|Any CPU.ActiveCfg = Release|Any CPU
		{B6D911CD-1D09-42FC-B300-9187190F2AE1}.Release|Any CPU.Build.0 = Release|Any CPU
	EndGlobalSection
EndGlobal
